// !$*UTF8*$!
{
	archiveVersion = 1;
	classes = {
	};
	objectVersion = 56;
	objects = {

/* Begin PBXBuildFile section */
		6C73C99B2BBDDD710009E0F4 /* PlayerViewController.swift in Sources */ = {isa = PBXBuildFile; fileRef = 6C73C99A2BBDDD710009E0F4 /* PlayerViewController.swift */; };
		6C73C99D2BBDDD8D0009E0F4 /* PlayerView.swift in Sources */ = {isa = PBXBuildFile; fileRef = 6C73C99C2BBDDD8D0009E0F4 /* PlayerView.swift */; };
		6C7CA0B72BC14F8F00E95369 /* CMTime+App.swift in Sources */ = {isa = PBXBuildFile; fileRef = 6C7CA0B62BC14F8F00E95369 /* CMTime+App.swift */; };
		6CA85B742BBD4FA000C55DD4 /* AppDelegate.swift in Sources */ = {isa = PBXBuildFile; fileRef = 6CA85B732BBD4FA000C55DD4 /* AppDelegate.swift */; };
		6CA85B762BBD4FA000C55DD4 /* SceneDelegate.swift in Sources */ = {isa = PBXBuildFile; fileRef = 6CA85B752BBD4FA000C55DD4 /* SceneDelegate.swift */; };
		6CA85B7D2BBD4FA100C55DD4 /* Assets.xcassets in Resources */ = {isa = PBXBuildFile; fileRef = 6CA85B7C2BBD4FA100C55DD4 /* Assets.xcassets */; };
		6CA85B802BBD4FA100C55DD4 /* LaunchScreen.storyboard in Resources */ = {isa = PBXBuildFile; fileRef = 6CA85B7E2BBD4FA100C55DD4 /* LaunchScreen.storyboard */; };
		6CA85B8B2BBD562C00C55DD4 /* task.rtf in Resources */ = {isa = PBXBuildFile; fileRef = 6CA85B8A2BBD562C00C55DD4 /* task.rtf */; };
		6CA85B982BBD576A00C55DD4 /* PlaylistViewController.swift in Sources */ = {isa = PBXBuildFile; fileRef = 6CA85B972BBD576A00C55DD4 /* PlaylistViewController.swift */; };
		6CA85B9A2BBD578E00C55DD4 /* PlaylistView.swift in Sources */ = {isa = PBXBuildFile; fileRef = 6CA85B992BBD578E00C55DD4 /* PlaylistView.swift */; };
		6CA85B9C2BBD57A200C55DD4 /* SongModel.swift in Sources */ = {isa = PBXBuildFile; fileRef = 6CA85B9B2BBD57A200C55DD4 /* SongModel.swift */; };
		6CA85B9E2BBD57CF00C55DD4 /* UIViewController+Preview.swift in Sources */ = {isa = PBXBuildFile; fileRef = 6CA85B9D2BBD57CF00C55DD4 /* UIViewController+Preview.swift */; };
		6CA85BA22BBD581500C55DD4 /* Sizes.swift in Sources */ = {isa = PBXBuildFile; fileRef = 6CA85BA12BBD581500C55DD4 /* Sizes.swift */; };
		6CA85BA62BBD59B100C55DD4 /* MainCoordinator.swift in Sources */ = {isa = PBXBuildFile; fileRef = 6CA85BA52BBD59B100C55DD4 /* MainCoordinator.swift */; };
		6CA85BA82BBD5BF400C55DD4 /* UIView+App.swift in Sources */ = {isa = PBXBuildFile; fileRef = 6CA85BA72BBD5BF400C55DD4 /* UIView+App.swift */; };
		6CA85BAA2BBD5C3000C55DD4 /* UIColor+App.swift in Sources */ = {isa = PBXBuildFile; fileRef = 6CA85BA92BBD5C3000C55DD4 /* UIColor+App.swift */; };
		6CA85BAC2BBD5FC700C55DD4 /* UIFont+App.swift in Sources */ = {isa = PBXBuildFile; fileRef = 6CA85BAB2BBD5FC700C55DD4 /* UIFont+App.swift */; };
		6CA85BAF2BBD607500C55DD4 /* UILabel+App.swift in Sources */ = {isa = PBXBuildFile; fileRef = 6CA85BAE2BBD607500C55DD4 /* UILabel+App.swift */; };
		6CA85BB12BBD6C7B00C55DD4 /* UnderlinedView.swift in Sources */ = {isa = PBXBuildFile; fileRef = 6CA85BB02BBD6C7B00C55DD4 /* UnderlinedView.swift */; };
		6CA85BB32BBD6DAB00C55DD4 /* UIImageView+App.swift in Sources */ = {isa = PBXBuildFile; fileRef = 6CA85BB22BBD6DAB00C55DD4 /* UIImageView+App.swift */; };
		6CBEBB982BBE9A84007107C0 /* HeaderStackView.swift in Sources */ = {isa = PBXBuildFile; fileRef = 6CBEBB972BBE9A84007107C0 /* HeaderStackView.swift */; };
		6CBEBB9B2BBE9CA4007107C0 /* UIButton+App.swift in Sources */ = {isa = PBXBuildFile; fileRef = 6CBEBB9A2BBE9CA4007107C0 /* UIButton+App.swift */; };
		6CBEBB9D2BBEB9E2007107C0 /* SongDetailsStackView.swift in Sources */ = {isa = PBXBuildFile; fileRef = 6CBEBB9C2BBEB9E2007107C0 /* SongDetailsStackView.swift */; };
		6CBEBB9F2BBEBD52007107C0 /* PlayerControlsStackView.swift in Sources */ = {isa = PBXBuildFile; fileRef = 6CBEBB9E2BBEBD52007107C0 /* PlayerControlsStackView.swift */; };
		6CF3EDF92BBFF75300870D5C /* DevicesAvailableStackView.swift in Sources */ = {isa = PBXBuildFile; fileRef = 6CF3EDF82BBFF75300870D5C /* DevicesAvailableStackView.swift */; };
		6CF3EE012BC031EB00870D5C /* AudioManager.swift in Sources */ = {isa = PBXBuildFile; fileRef = 6CF3EE002BC031EB00870D5C /* AudioManager.swift */; };
		6CF3EE052BC034A200870D5C /* 03. Burning Heart.mp3 in Resources */ = {isa = PBXBuildFile; fileRef = 6CF3EE022BC034A100870D5C /* 03. Burning Heart.mp3 */; };
		6CF3EE062BC034A200870D5C /* 01. Fire (Remix 2024).mp3 in Resources */ = {isa = PBXBuildFile; fileRef = 6CF3EE032BC034A200870D5C /* 01. Fire (Remix 2024).mp3 */; };
		6CF3EE072BC034A200870D5C /* 02. Let's Dance Tonight.mp3 in Resources */ = {isa = PBXBuildFile; fileRef = 6CF3EE042BC034A200870D5C /* 02. Let's Dance Tonight.mp3 */; };
/* End PBXBuildFile section */

/* Begin PBXFileReference section */
		6C73C99A2BBDDD710009E0F4 /* PlayerViewController.swift */ = {isa = PBXFileReference; lastKnownFileType = sourcecode.swift; path = PlayerViewController.swift; sourceTree = "<group>"; };
		6C73C99C2BBDDD8D0009E0F4 /* PlayerView.swift */ = {isa = PBXFileReference; lastKnownFileType = sourcecode.swift; path = PlayerView.swift; sourceTree = "<group>"; };
		6C7CA0B62BC14F8F00E95369 /* CMTime+App.swift */ = {isa = PBXFileReference; lastKnownFileType = sourcecode.swift; path = "CMTime+App.swift"; sourceTree = "<group>"; };
		6CA85B702BBD4FA000C55DD4 /* AudioPlayer.app */ = {isa = PBXFileReference; explicitFileType = wrapper.application; includeInIndex = 0; path = AudioPlayer.app; sourceTree = BUILT_PRODUCTS_DIR; };
		6CA85B732BBD4FA000C55DD4 /* AppDelegate.swift */ = {isa = PBXFileReference; lastKnownFileType = sourcecode.swift; path = AppDelegate.swift; sourceTree = "<group>"; };
		6CA85B752BBD4FA000C55DD4 /* SceneDelegate.swift */ = {isa = PBXFileReference; lastKnownFileType = sourcecode.swift; path = SceneDelegate.swift; sourceTree = "<group>"; };
		6CA85B7C2BBD4FA100C55DD4 /* Assets.xcassets */ = {isa = PBXFileReference; lastKnownFileType = folder.assetcatalog; path = Assets.xcassets; sourceTree = "<group>"; };
		6CA85B7F2BBD4FA100C55DD4 /* Base */ = {isa = PBXFileReference; lastKnownFileType = file.storyboard; name = Base; path = Base.lproj/LaunchScreen.storyboard; sourceTree = "<group>"; };
		6CA85B812BBD4FA100C55DD4 /* Info.plist */ = {isa = PBXFileReference; lastKnownFileType = text.plist.xml; path = Info.plist; sourceTree = "<group>"; };
		6CA85B8A2BBD562C00C55DD4 /* task.rtf */ = {isa = PBXFileReference; lastKnownFileType = text.rtf; path = task.rtf; sourceTree = "<group>"; };
		6CA85B972BBD576A00C55DD4 /* PlaylistViewController.swift */ = {isa = PBXFileReference; lastKnownFileType = sourcecode.swift; path = PlaylistViewController.swift; sourceTree = "<group>"; };
		6CA85B992BBD578E00C55DD4 /* PlaylistView.swift */ = {isa = PBXFileReference; lastKnownFileType = sourcecode.swift; path = PlaylistView.swift; sourceTree = "<group>"; };
		6CA85B9B2BBD57A200C55DD4 /* SongModel.swift */ = {isa = PBXFileReference; lastKnownFileType = sourcecode.swift; path = SongModel.swift; sourceTree = "<group>"; };
		6CA85B9D2BBD57CF00C55DD4 /* UIViewController+Preview.swift */ = {isa = PBXFileReference; lastKnownFileType = sourcecode.swift; path = "UIViewController+Preview.swift"; sourceTree = "<group>"; };
		6CA85BA12BBD581500C55DD4 /* Sizes.swift */ = {isa = PBXFileReference; lastKnownFileType = sourcecode.swift; path = Sizes.swift; sourceTree = "<group>"; };
		6CA85BA52BBD59B100C55DD4 /* MainCoordinator.swift */ = {isa = PBXFileReference; lastKnownFileType = sourcecode.swift; path = MainCoordinator.swift; sourceTree = "<group>"; };
		6CA85BA72BBD5BF400C55DD4 /* UIView+App.swift */ = {isa = PBXFileReference; lastKnownFileType = sourcecode.swift; path = "UIView+App.swift"; sourceTree = "<group>"; };
		6CA85BA92BBD5C3000C55DD4 /* UIColor+App.swift */ = {isa = PBXFileReference; lastKnownFileType = sourcecode.swift; path = "UIColor+App.swift"; sourceTree = "<group>"; };
		6CA85BAB2BBD5FC700C55DD4 /* UIFont+App.swift */ = {isa = PBXFileReference; lastKnownFileType = sourcecode.swift; path = "UIFont+App.swift"; sourceTree = "<group>"; };
		6CA85BAE2BBD607500C55DD4 /* UILabel+App.swift */ = {isa = PBXFileReference; lastKnownFileType = sourcecode.swift; path = "UILabel+App.swift"; sourceTree = "<group>"; };
		6CA85BB02BBD6C7B00C55DD4 /* UnderlinedView.swift */ = {isa = PBXFileReference; lastKnownFileType = sourcecode.swift; path = UnderlinedView.swift; sourceTree = "<group>"; };
		6CA85BB22BBD6DAB00C55DD4 /* UIImageView+App.swift */ = {isa = PBXFileReference; lastKnownFileType = sourcecode.swift; path = "UIImageView+App.swift"; sourceTree = "<group>"; };
		6CBEBB972BBE9A84007107C0 /* HeaderStackView.swift */ = {isa = PBXFileReference; lastKnownFileType = sourcecode.swift; path = HeaderStackView.swift; sourceTree = "<group>"; };
		6CBEBB9A2BBE9CA4007107C0 /* UIButton+App.swift */ = {isa = PBXFileReference; lastKnownFileType = sourcecode.swift; path = "UIButton+App.swift"; sourceTree = "<group>"; };
		6CBEBB9C2BBEB9E2007107C0 /* SongDetailsStackView.swift */ = {isa = PBXFileReference; lastKnownFileType = sourcecode.swift; path = SongDetailsStackView.swift; sourceTree = "<group>"; };
		6CBEBB9E2BBEBD52007107C0 /* PlayerControlsStackView.swift */ = {isa = PBXFileReference; lastKnownFileType = sourcecode.swift; path = PlayerControlsStackView.swift; sourceTree = "<group>"; };
		6CF3EDF82BBFF75300870D5C /* DevicesAvailableStackView.swift */ = {isa = PBXFileReference; lastKnownFileType = sourcecode.swift; path = DevicesAvailableStackView.swift; sourceTree = "<group>"; };
		6CF3EE002BC031EB00870D5C /* AudioManager.swift */ = {isa = PBXFileReference; lastKnownFileType = sourcecode.swift; path = AudioManager.swift; sourceTree = "<group>"; };
		6CF3EE022BC034A100870D5C /* 03. Burning Heart.mp3 */ = {isa = PBXFileReference; lastKnownFileType = audio.mp3; path = "03. Burning Heart.mp3"; sourceTree = "<group>"; };
		6CF3EE032BC034A200870D5C /* 01. Fire (Remix 2024).mp3 */ = {isa = PBXFileReference; lastKnownFileType = audio.mp3; path = "01. Fire (Remix 2024).mp3"; sourceTree = "<group>"; };
		6CF3EE042BC034A200870D5C /* 02. Let's Dance Tonight.mp3 */ = {isa = PBXFileReference; lastKnownFileType = audio.mp3; path = "02. Let's Dance Tonight.mp3"; sourceTree = "<group>"; };
/* End PBXFileReference section */

/* Begin PBXFrameworksBuildPhase section */
		6CA85B6D2BBD4FA000C55DD4 /* Frameworks */ = {
			isa = PBXFrameworksBuildPhase;
			buildActionMask = 2147483647;
			files = (
			);
			runOnlyForDeploymentPostprocessing = 0;
		};
/* End PBXFrameworksBuildPhase section */

/* Begin PBXGroup section */
		6C73C9962BBDDD2E0009E0F4 /* Player */ = {
			isa = PBXGroup;
			children = (
				6C73C9992BBDDD4E0009E0F4 /* Model */,
				6C73C9982BBDDD480009E0F4 /* View */,
				6C73C9972BBDDD380009E0F4 /* Controller */,
			);
			path = Player;
			sourceTree = "<group>";
		};
		6C73C9972BBDDD380009E0F4 /* Controller */ = {
			isa = PBXGroup;
			children = (
				6C73C99A2BBDDD710009E0F4 /* PlayerViewController.swift */,
			);
			path = Controller;
			sourceTree = "<group>";
		};
		6C73C9982BBDDD480009E0F4 /* View */ = {
			isa = PBXGroup;
			children = (
				6C73C99C2BBDDD8D0009E0F4 /* PlayerView.swift */,
				6CBEBB962BBE9A4E007107C0 /* SubViews */,
			);
			path = View;
			sourceTree = "<group>";
		};
		6C73C9992BBDDD4E0009E0F4 /* Model */ = {
			isa = PBXGroup;
			children = (
			);
			path = Model;
			sourceTree = "<group>";
		};
		6CA85B672BBD4FA000C55DD4 = {
			isa = PBXGroup;
			children = (
				6CA85B722BBD4FA000C55DD4 /* AudioPlayer */,
				6CA85B712BBD4FA000C55DD4 /* Products */,
			);
			sourceTree = "<group>";
		};
		6CA85B712BBD4FA000C55DD4 /* Products */ = {
			isa = PBXGroup;
			children = (
				6CA85B702BBD4FA000C55DD4 /* AudioPlayer.app */,
			);
			name = Products;
			sourceTree = "<group>";
		};
		6CA85B722BBD4FA000C55DD4 /* AudioPlayer */ = {
			isa = PBXGroup;
			children = (
				6CA85B872BBD4FE500C55DD4 /* App */,
				6CA85BB42BBD777B00C55DD4 /* Services */,
				6CA85B922BBD56C300C55DD4 /* Coordinator */,
				6CA85B902BBD56A400C55DD4 /* Scenes */,
				6CA85B8E2BBD568B00C55DD4 /* Constants */,
				6CA85B8D2BBD568700C55DD4 /* HelperClasses */,
				6CA85B8C2BBD567E00C55DD4 /* Extensions */,
				6CA85B882BBD501E00C55DD4 /* SupportingFiles */,
			);
			path = AudioPlayer;
			sourceTree = "<group>";
		};
		6CA85B872BBD4FE500C55DD4 /* App */ = {
			isa = PBXGroup;
			children = (
				6CA85B752BBD4FA000C55DD4 /* SceneDelegate.swift */,
				6CA85B732BBD4FA000C55DD4 /* AppDelegate.swift */,
			);
			path = App;
			sourceTree = "<group>";
		};
		6CA85B882BBD501E00C55DD4 /* SupportingFiles */ = {
			isa = PBXGroup;
			children = (
				6CF3EDFA2BC0220C00870D5C /* AudioAssets */,
				6CA85B812BBD4FA100C55DD4 /* Info.plist */,
				6CA85B7E2BBD4FA100C55DD4 /* LaunchScreen.storyboard */,
				6CA85B7C2BBD4FA100C55DD4 /* Assets.xcassets */,
				6CA85B8A2BBD562C00C55DD4 /* task.rtf */,
			);
			path = SupportingFiles;
			sourceTree = "<group>";
		};
		6CA85B8C2BBD567E00C55DD4 /* Extensions */ = {
			isa = PBXGroup;
			children = (
				6CA85B9D2BBD57CF00C55DD4 /* UIViewController+Preview.swift */,
				6CBEBB9A2BBE9CA4007107C0 /* UIButton+App.swift */,
				6CA85BA72BBD5BF400C55DD4 /* UIView+App.swift */,
				6CA85BA92BBD5C3000C55DD4 /* UIColor+App.swift */,
				6CA85BAB2BBD5FC700C55DD4 /* UIFont+App.swift */,
				6CA85BAE2BBD607500C55DD4 /* UILabel+App.swift */,
				6CA85BB22BBD6DAB00C55DD4 /* UIImageView+App.swift */,
				6C7CA0B62BC14F8F00E95369 /* CMTime+App.swift */,
			);
			path = Extensions;
			sourceTree = "<group>";
		};
		6CA85B8D2BBD568700C55DD4 /* HelperClasses */ = {
			isa = PBXGroup;
			children = (
				6CA85BB02BBD6C7B00C55DD4 /* UnderlinedView.swift */,
			);
			path = HelperClasses;
			sourceTree = "<group>";
		};
		6CA85B8E2BBD568B00C55DD4 /* Constants */ = {
			isa = PBXGroup;
			children = (
				6CA85BA12BBD581500C55DD4 /* Sizes.swift */,
			);
			path = Constants;
			sourceTree = "<group>";
		};
		6CA85B902BBD56A400C55DD4 /* Scenes */ = {
			isa = PBXGroup;
			children = (
				6CA85B932BBD573700C55DD4 /* Playlist */,
				6C73C9962BBDDD2E0009E0F4 /* Player */,
			);
			path = Scenes;
			sourceTree = "<group>";
		};
		6CA85B922BBD56C300C55DD4 /* Coordinator */ = {
			isa = PBXGroup;
			children = (
				6CA85BA52BBD59B100C55DD4 /* MainCoordinator.swift */,
			);
			path = Coordinator;
			sourceTree = "<group>";
		};
		6CA85B932BBD573700C55DD4 /* Playlist */ = {
			isa = PBXGroup;
			children = (
				6CA85B962BBD574E00C55DD4 /* Model */,
				6CA85B952BBD574A00C55DD4 /* View */,
				6CA85B942BBD574200C55DD4 /* Controller */,
			);
			path = Playlist;
			sourceTree = "<group>";
		};
		6CA85B942BBD574200C55DD4 /* Controller */ = {
			isa = PBXGroup;
			children = (
				6CA85B972BBD576A00C55DD4 /* PlaylistViewController.swift */,
			);
			path = Controller;
			sourceTree = "<group>";
		};
		6CA85B952BBD574A00C55DD4 /* View */ = {
			isa = PBXGroup;
			children = (
				6CA85B992BBD578E00C55DD4 /* PlaylistView.swift */,
			);
			path = View;
			sourceTree = "<group>";
		};
		6CA85B962BBD574E00C55DD4 /* Model */ = {
			isa = PBXGroup;
			children = (
				6CA85B9B2BBD57A200C55DD4 /* SongModel.swift */,
			);
			path = Model;
			sourceTree = "<group>";
		};
		6CA85BB42BBD777B00C55DD4 /* Services */ = {
			isa = PBXGroup;
			children = (
				6CF3EDFF2BC031D500870D5C /* AudioManager */,
			);
			path = Services;
			sourceTree = "<group>";
		};
		6CBEBB962BBE9A4E007107C0 /* SubViews */ = {
			isa = PBXGroup;
			children = (
				6CBEBB972BBE9A84007107C0 /* HeaderStackView.swift */,
				6CBEBB9C2BBEB9E2007107C0 /* SongDetailsStackView.swift */,
				6CBEBB9E2BBEBD52007107C0 /* PlayerControlsStackView.swift */,
				6CF3EDF82BBFF75300870D5C /* DevicesAvailableStackView.swift */,
			);
			path = SubViews;
			sourceTree = "<group>";
		};
		6CF3EDFA2BC0220C00870D5C /* AudioAssets */ = {
			isa = PBXGroup;
			children = (
				6CF3EE032BC034A200870D5C /* 01. Fire (Remix 2024).mp3 */,
				6CF3EE042BC034A200870D5C /* 02. Let's Dance Tonight.mp3 */,
				6CF3EE022BC034A100870D5C /* 03. Burning Heart.mp3 */,
			);
			path = AudioAssets;
			sourceTree = "<group>";
		};
		6CF3EDFF2BC031D500870D5C /* AudioManager */ = {
			isa = PBXGroup;
			children = (
				6CF3EE002BC031EB00870D5C /* AudioManager.swift */,
			);
			path = AudioManager;
			sourceTree = "<group>";
		};
/* End PBXGroup section */

/* Begin PBXNativeTarget section */
		6CA85B6F2BBD4FA000C55DD4 /* AudioPlayer */ = {
			isa = PBXNativeTarget;
			buildConfigurationList = 6CA85B842BBD4FA100C55DD4 /* Build configuration list for PBXNativeTarget "AudioPlayer" */;
			buildPhases = (
				6CA85B892BBD53F600C55DD4 /* ShellScript */,
				6CA85B6C2BBD4FA000C55DD4 /* Sources */,
				6CA85B6D2BBD4FA000C55DD4 /* Frameworks */,
				6CA85B6E2BBD4FA000C55DD4 /* Resources */,
			);
			buildRules = (
			);
			dependencies = (
			);
			name = AudioPlayer;
			productName = AudioPlayer;
			productReference = 6CA85B702BBD4FA000C55DD4 /* AudioPlayer.app */;
			productType = "com.apple.product-type.application";
		};
/* End PBXNativeTarget section */

/* Begin PBXProject section */
		6CA85B682BBD4FA000C55DD4 /* Project object */ = {
			isa = PBXProject;
			attributes = {
				BuildIndependentTargetsInParallel = 1;
				LastSwiftUpdateCheck = 1500;
				LastUpgradeCheck = 1500;
				TargetAttributes = {
					6CA85B6F2BBD4FA000C55DD4 = {
						CreatedOnToolsVersion = 15.0.1;
					};
				};
			};
			buildConfigurationList = 6CA85B6B2BBD4FA000C55DD4 /* Build configuration list for PBXProject "AudioPlayer" */;
			compatibilityVersion = "Xcode 14.0";
			developmentRegion = en;
			hasScannedForEncodings = 0;
			knownRegions = (
				en,
				Base,
			);
			mainGroup = 6CA85B672BBD4FA000C55DD4;
			productRefGroup = 6CA85B712BBD4FA000C55DD4 /* Products */;
			projectDirPath = "";
			projectRoot = "";
			targets = (
				6CA85B6F2BBD4FA000C55DD4 /* AudioPlayer */,
			);
		};
/* End PBXProject section */

/* Begin PBXResourcesBuildPhase section */
		6CA85B6E2BBD4FA000C55DD4 /* Resources */ = {
			isa = PBXResourcesBuildPhase;
			buildActionMask = 2147483647;
			files = (
				6CF3EE072BC034A200870D5C /* 02. Let's Dance Tonight.mp3 in Resources */,
				6CA85B802BBD4FA100C55DD4 /* LaunchScreen.storyboard in Resources */,
				6CA85B8B2BBD562C00C55DD4 /* task.rtf in Resources */,
				6CF3EE062BC034A200870D5C /* 01. Fire (Remix 2024).mp3 in Resources */,
				6CF3EE052BC034A200870D5C /* 03. Burning Heart.mp3 in Resources */,
				6CA85B7D2BBD4FA100C55DD4 /* Assets.xcassets in Resources */,
			);
			runOnlyForDeploymentPostprocessing = 0;
		};
/* End PBXResourcesBuildPhase section */

/* Begin PBXShellScriptBuildPhase section */
		6CA85B892BBD53F600C55DD4 /* ShellScript */ = {
			isa = PBXShellScriptBuildPhase;
			alwaysOutOfDate = 1;
			buildActionMask = 2147483647;
			files = (
			);
			inputFileListPaths = (
			);
			inputPaths = (
			);
			outputFileListPaths = (
			);
			outputPaths = (
			);
			runOnlyForDeploymentPostprocessing = 0;
			shellPath = /bin/sh;
			shellScript = "# Type a script or drag a script file from your workspace to insert its path.\nif which swiftlint >/dev/null; then\n  swiftlint\nelse\n  echo \"error: SwiftLint does not exist, download it from https://github.com/realm/SwiftLint\"\n  exit 1\nfi\n";
		};
/* End PBXShellScriptBuildPhase section */

/* Begin PBXSourcesBuildPhase section */
		6CA85B6C2BBD4FA000C55DD4 /* Sources */ = {
			isa = PBXSourcesBuildPhase;
			buildActionMask = 2147483647;
			files = (
				6CA85B742BBD4FA000C55DD4 /* AppDelegate.swift in Sources */,
				6CF3EDF92BBFF75300870D5C /* DevicesAvailableStackView.swift in Sources */,
				6C73C99B2BBDDD710009E0F4 /* PlayerViewController.swift in Sources */,
				6CF3EE012BC031EB00870D5C /* AudioManager.swift in Sources */,
				6CA85BB12BBD6C7B00C55DD4 /* UnderlinedView.swift in Sources */,
				6CA85BA62BBD59B100C55DD4 /* MainCoordinator.swift in Sources */,
				6C73C99D2BBDDD8D0009E0F4 /* PlayerView.swift in Sources */,
				6CA85B9C2BBD57A200C55DD4 /* SongModel.swift in Sources */,
				6CA85BAC2BBD5FC700C55DD4 /* UIFont+App.swift in Sources */,
				6CA85B762BBD4FA000C55DD4 /* SceneDelegate.swift in Sources */,
				6CA85B9E2BBD57CF00C55DD4 /* UIViewController+Preview.swift in Sources */,
				6CA85BAF2BBD607500C55DD4 /* UILabel+App.swift in Sources */,
				6CBEBB9F2BBEBD52007107C0 /* PlayerControlsStackView.swift in Sources */,
				6C7CA0B72BC14F8F00E95369 /* CMTime+App.swift in Sources */,
				6CBEBB982BBE9A84007107C0 /* HeaderStackView.swift in Sources */,
				6CA85B9A2BBD578E00C55DD4 /* PlaylistView.swift in Sources */,
				6CBEBB9B2BBE9CA4007107C0 /* UIButton+App.swift in Sources */,
				6CA85B982BBD576A00C55DD4 /* PlaylistViewController.swift in Sources */,
				6CA85BAA2BBD5C3000C55DD4 /* UIColor+App.swift in Sources */,
				6CA85BA82BBD5BF400C55DD4 /* UIView+App.swift in Sources */,
				6CA85BB32BBD6DAB00C55DD4 /* UIImageView+App.swift in Sources */,
				6CA85BA22BBD581500C55DD4 /* Sizes.swift in Sources */,
				6CBEBB9D2BBEB9E2007107C0 /* SongDetailsStackView.swift in Sources */,
			);
			runOnlyForDeploymentPostprocessing = 0;
		};
/* End PBXSourcesBuildPhase section */

/* Begin PBXVariantGroup section */
		6CA85B7E2BBD4FA100C55DD4 /* LaunchScreen.storyboard */ = {
			isa = PBXVariantGroup;
			children = (
				6CA85B7F2BBD4FA100C55DD4 /* Base */,
			);
			name = LaunchScreen.storyboard;
			sourceTree = "<group>";
		};
/* End PBXVariantGroup section */

/* Begin XCBuildConfiguration section */
		6CA85B822BBD4FA100C55DD4 /* Debug */ = {
			isa = XCBuildConfiguration;
			buildSettings = {
				ALWAYS_SEARCH_USER_PATHS = NO;
				ASSETCATALOG_COMPILER_GENERATE_SWIFT_ASSET_SYMBOL_EXTENSIONS = YES;
				CLANG_ANALYZER_NONNULL = YES;
				CLANG_ANALYZER_NUMBER_OBJECT_CONVERSION = YES_AGGRESSIVE;
				CLANG_CXX_LANGUAGE_STANDARD = "gnu++20";
				CLANG_ENABLE_MODULES = YES;
				CLANG_ENABLE_OBJC_ARC = YES;
				CLANG_ENABLE_OBJC_WEAK = YES;
				CLANG_WARN_BLOCK_CAPTURE_AUTORELEASING = YES;
				CLANG_WARN_BOOL_CONVERSION = YES;
				CLANG_WARN_COMMA = YES;
				CLANG_WARN_CONSTANT_CONVERSION = YES;
				CLANG_WARN_DEPRECATED_OBJC_IMPLEMENTATIONS = YES;
				CLANG_WARN_DIRECT_OBJC_ISA_USAGE = YES_ERROR;
				CLANG_WARN_DOCUMENTATION_COMMENTS = YES;
				CLANG_WARN_EMPTY_BODY = YES;
				CLANG_WARN_ENUM_CONVERSION = YES;
				CLANG_WARN_INFINITE_RECURSION = YES;
				CLANG_WARN_INT_CONVERSION = YES;
				CLANG_WARN_NON_LITERAL_NULL_CONVERSION = YES;
				CLANG_WARN_OBJC_IMPLICIT_RETAIN_SELF = YES;
				CLANG_WARN_OBJC_LITERAL_CONVERSION = YES;
				CLANG_WARN_OBJC_ROOT_CLASS = YES_ERROR;
				CLANG_WARN_QUOTED_INCLUDE_IN_FRAMEWORK_HEADER = YES;
				CLANG_WARN_RANGE_LOOP_ANALYSIS = YES;
				CLANG_WARN_STRICT_PROTOTYPES = YES;
				CLANG_WARN_SUSPICIOUS_MOVE = YES;
				CLANG_WARN_UNGUARDED_AVAILABILITY = YES_AGGRESSIVE;
				CLANG_WARN_UNREACHABLE_CODE = YES;
				CLANG_WARN__DUPLICATE_METHOD_MATCH = YES;
				COPY_PHASE_STRIP = NO;
				DEBUG_INFORMATION_FORMAT = dwarf;
				ENABLE_STRICT_OBJC_MSGSEND = YES;
				ENABLE_TESTABILITY = YES;
				ENABLE_USER_SCRIPT_SANDBOXING = YES;
				GCC_C_LANGUAGE_STANDARD = gnu17;
				GCC_DYNAMIC_NO_PIC = NO;
				GCC_NO_COMMON_BLOCKS = YES;
				GCC_OPTIMIZATION_LEVEL = 0;
				GCC_PREPROCESSOR_DEFINITIONS = (
					"DEBUG=1",
					"$(inherited)",
				);
				GCC_WARN_64_TO_32_BIT_CONVERSION = YES;
				GCC_WARN_ABOUT_RETURN_TYPE = YES_ERROR;
				GCC_WARN_UNDECLARED_SELECTOR = YES;
				GCC_WARN_UNINITIALIZED_AUTOS = YES_AGGRESSIVE;
				GCC_WARN_UNUSED_FUNCTION = YES;
				GCC_WARN_UNUSED_VARIABLE = YES;
				IPHONEOS_DEPLOYMENT_TARGET = 15.0;
				LOCALIZATION_PREFERS_STRING_CATALOGS = YES;
				MTL_ENABLE_DEBUG_INFO = INCLUDE_SOURCE;
				MTL_FAST_MATH = YES;
				ONLY_ACTIVE_ARCH = YES;
				SDKROOT = iphoneos;
				SWIFT_ACTIVE_COMPILATION_CONDITIONS = "DEBUG $(inherited)";
				SWIFT_OPTIMIZATION_LEVEL = "-Onone";
			};
			name = Debug;
		};
		6CA85B832BBD4FA100C55DD4 /* Release */ = {
			isa = XCBuildConfiguration;
			buildSettings = {
				ALWAYS_SEARCH_USER_PATHS = NO;
				ASSETCATALOG_COMPILER_GENERATE_SWIFT_ASSET_SYMBOL_EXTENSIONS = YES;
				CLANG_ANALYZER_NONNULL = YES;
				CLANG_ANALYZER_NUMBER_OBJECT_CONVERSION = YES_AGGRESSIVE;
				CLANG_CXX_LANGUAGE_STANDARD = "gnu++20";
				CLANG_ENABLE_MODULES = YES;
				CLANG_ENABLE_OBJC_ARC = YES;
				CLANG_ENABLE_OBJC_WEAK = YES;
				CLANG_WARN_BLOCK_CAPTURE_AUTORELEASING = YES;
				CLANG_WARN_BOOL_CONVERSION = YES;
				CLANG_WARN_COMMA = YES;
				CLANG_WARN_CONSTANT_CONVERSION = YES;
				CLANG_WARN_DEPRECATED_OBJC_IMPLEMENTATIONS = YES;
				CLANG_WARN_DIRECT_OBJC_ISA_USAGE = YES_ERROR;
				CLANG_WARN_DOCUMENTATION_COMMENTS = YES;
				CLANG_WARN_EMPTY_BODY = YES;
				CLANG_WARN_ENUM_CONVERSION = YES;
				CLANG_WARN_INFINITE_RECURSION = YES;
				CLANG_WARN_INT_CONVERSION = YES;
				CLANG_WARN_NON_LITERAL_NULL_CONVERSION = YES;
				CLANG_WARN_OBJC_IMPLICIT_RETAIN_SELF = YES;
				CLANG_WARN_OBJC_LITERAL_CONVERSION = YES;
				CLANG_WARN_OBJC_ROOT_CLASS = YES_ERROR;
				CLANG_WARN_QUOTED_INCLUDE_IN_FRAMEWORK_HEADER = YES;
				CLANG_WARN_RANGE_LOOP_ANALYSIS = YES;
				CLANG_WARN_STRICT_PROTOTYPES = YES;
				CLANG_WARN_SUSPICIOUS_MOVE = YES;
				CLANG_WARN_UNGUARDED_AVAILABILITY = YES_AGGRESSIVE;
				CLANG_WARN_UNREACHABLE_CODE = YES;
				CLANG_WARN__DUPLICATE_METHOD_MATCH = YES;
				COPY_PHASE_STRIP = NO;
				DEBUG_INFORMATION_FORMAT = "dwarf-with-dsym";
				ENABLE_NS_ASSERTIONS = NO;
				ENABLE_STRICT_OBJC_MSGSEND = YES;
				ENABLE_USER_SCRIPT_SANDBOXING = YES;
				GCC_C_LANGUAGE_STANDARD = gnu17;
				GCC_NO_COMMON_BLOCKS = YES;
				GCC_WARN_64_TO_32_BIT_CONVERSION = YES;
				GCC_WARN_ABOUT_RETURN_TYPE = YES_ERROR;
				GCC_WARN_UNDECLARED_SELECTOR = YES;
				GCC_WARN_UNINITIALIZED_AUTOS = YES_AGGRESSIVE;
				GCC_WARN_UNUSED_FUNCTION = YES;
				GCC_WARN_UNUSED_VARIABLE = YES;
				IPHONEOS_DEPLOYMENT_TARGET = 15.0;
				LOCALIZATION_PREFERS_STRING_CATALOGS = YES;
				MTL_ENABLE_DEBUG_INFO = NO;
				MTL_FAST_MATH = YES;
				SDKROOT = iphoneos;
				SWIFT_COMPILATION_MODE = wholemodule;
				VALIDATE_PRODUCT = YES;
			};
			name = Release;
		};
		6CA85B852BBD4FA100C55DD4 /* Debug */ = {
			isa = XCBuildConfiguration;
			buildSettings = {
				ASSETCATALOG_COMPILER_APPICON_NAME = AppIcon;
				ASSETCATALOG_COMPILER_GLOBAL_ACCENT_COLOR_NAME = AccentColor;
				CODE_SIGN_STYLE = Automatic;
				CURRENT_PROJECT_VERSION = 1;
				ENABLE_USER_SCRIPT_SANDBOXING = NO;
				GENERATE_INFOPLIST_FILE = YES;
				INFOPLIST_FILE = AudioPlayer/SupportingFiles/Info.plist;
				INFOPLIST_KEY_UIApplicationSupportsIndirectInputEvents = YES;
				INFOPLIST_KEY_UILaunchStoryboardName = LaunchScreen;
				INFOPLIST_KEY_UISupportedInterfaceOrientations = UIInterfaceOrientationPortrait;
				INFOPLIST_KEY_UISupportedInterfaceOrientations_iPad = "UIInterfaceOrientationLandscapeLeft UIInterfaceOrientationLandscapeRight UIInterfaceOrientationPortrait UIInterfaceOrientationPortraitUpsideDown";
				LD_RUNPATH_SEARCH_PATHS = (
					"$(inherited)",
					"@executable_path/Frameworks",
				);
				MARKETING_VERSION = 1.0;
				PRODUCT_BUNDLE_IDENTIFIER = com.AndreiShpartou.AudioPlayer;
				PRODUCT_NAME = "$(TARGET_NAME)";
				SUPPORTED_PLATFORMS = "iphoneos iphonesimulator";
				SUPPORTS_MACCATALYST = NO;
				SUPPORTS_MAC_DESIGNED_FOR_IPHONE_IPAD = NO;
				SWIFT_EMIT_LOC_STRINGS = YES;
				SWIFT_VERSION = 5.0;
				TARGETED_DEVICE_FAMILY = 1;
			};
			name = Debug;
		};
		6CA85B862BBD4FA100C55DD4 /* Release */ = {
			isa = XCBuildConfiguration;
			buildSettings = {
				ASSETCATALOG_COMPILER_APPICON_NAME = AppIcon;
				ASSETCATALOG_COMPILER_GLOBAL_ACCENT_COLOR_NAME = AccentColor;
				CODE_SIGN_STYLE = Automatic;
				CURRENT_PROJECT_VERSION = 1;
				ENABLE_USER_SCRIPT_SANDBOXING = NO;
				GENERATE_INFOPLIST_FILE = YES;
				INFOPLIST_FILE = AudioPlayer/SupportingFiles/Info.plist;
				INFOPLIST_KEY_UIApplicationSupportsIndirectInputEvents = YES;
				INFOPLIST_KEY_UILaunchStoryboardName = LaunchScreen;
				INFOPLIST_KEY_UISupportedInterfaceOrientations = UIInterfaceOrientationPortrait;
				INFOPLIST_KEY_UISupportedInterfaceOrientations_iPad = "UIInterfaceOrientationLandscapeLeft UIInterfaceOrientationLandscapeRight UIInterfaceOrientationPortrait UIInterfaceOrientationPortraitUpsideDown";
				LD_RUNPATH_SEARCH_PATHS = (
					"$(inherited)",
					"@executable_path/Frameworks",
				);
				MARKETING_VERSION = 1.0;
				PRODUCT_BUNDLE_IDENTIFIER = com.AndreiShpartou.AudioPlayer;
				PRODUCT_NAME = "$(TARGET_NAME)";
				SUPPORTED_PLATFORMS = "iphoneos iphonesimulator";
				SUPPORTS_MACCATALYST = NO;
				SUPPORTS_MAC_DESIGNED_FOR_IPHONE_IPAD = NO;
				SWIFT_EMIT_LOC_STRINGS = YES;
				SWIFT_VERSION = 5.0;
				TARGETED_DEVICE_FAMILY = 1;
			};
			name = Release;
		};
/* End XCBuildConfiguration section */

/* Begin XCConfigurationList section */
		6CA85B6B2BBD4FA000C55DD4 /* Build configuration list for PBXProject "AudioPlayer" */ = {
			isa = XCConfigurationList;
			buildConfigurations = (
				6CA85B822BBD4FA100C55DD4 /* Debug */,
				6CA85B832BBD4FA100C55DD4 /* Release */,
			);
			defaultConfigurationIsVisible = 0;
			defaultConfigurationName = Release;
		};
		6CA85B842BBD4FA100C55DD4 /* Build configuration list for PBXNativeTarget "AudioPlayer" */ = {
			isa = XCConfigurationList;
			buildConfigurations = (
				6CA85B852BBD4FA100C55DD4 /* Debug */,
				6CA85B862BBD4FA100C55DD4 /* Release */,
			);
			defaultConfigurationIsVisible = 0;
			defaultConfigurationName = Release;
		};
/* End XCConfigurationList section */
	};
	rootObject = 6CA85B682BBD4FA000C55DD4 /* Project object */;
}
